
Microsoft Visual Studio Solution File, Format Version 12.00
# Visual Studio Version 16
VisualStudioVersion = 16.0.29806.167
MinimumVisualStudioVersion = 10.0.40219.1
Project("{FAE04EC0-301F-11D3-BF4B-00C04F79EFBC}") = "River.Core", "River.Core\River.Core.csproj", "{13257360-183C-4B42-A00E-293FF7358A97}"
EndProject
Project("{FAE04EC0-301F-11D3-BF4B-00C04F79EFBC}") = "River.Socks", "River.Socks\River.Socks.csproj", "{8ADF475C-8E47-4B22-85F2-69614AF9144B}"
EndProject
Project("{FAE04EC0-301F-11D3-BF4B-00C04F79EFBC}") = "River.Http", "River.Http\River.Http.csproj", "{C69D29FC-CC8D-4205-BFB2-20ABD376177E}"
EndProject
Project("{2150E333-8FDC-42A3-9474-1A3956D46DE8}") = "Encryption", "Encryption", "{D0198E57-F9EE-41FA-992D-8505C1BA8782}"
EndProject
Project("{FAE04EC0-301F-11D3-BF4B-00C04F79EFBC}") = "River.ChaCha", "River.ChaCha\River.ChaCha.csproj", "{DDABA839-27AA-4AE0-BA2E-340C975669BB}"
EndProject
Project("{FAE04EC0-301F-11D3-BF4B-00C04F79EFBC}") = "River.ShadowSocks", "River.ShadowSocks\River.ShadowSocks.csproj", "{2F41B438-B726-4FF1-A277-4907CB359B81}"
EndProject
Project("{2150E333-8FDC-42A3-9474-1A3956D46DE8}") = "Tests", "Tests", "{1BCEF205-580C-483D-B452-F82F2831B1CC}"
EndProject
Project("{2150E333-8FDC-42A3-9474-1A3956D46DE8}") = "Solution Items", "Solution Items", "{9E7C94A6-0A84-4144-80A4-B784CB013F5C}"
	ProjectSection(SolutionItems) = preProject
		.editorconfig = .editorconfig
	EndProjectSection
EndProject
Project("{FAE04EC0-301F-11D3-BF4B-00C04F79EFBC}") = "RiverApp", "RiverApp\RiverApp.csproj", "{A8C6EDC3-DB60-461C-AB71-770F30713820}"
EndProject
Project("{9A19103F-16F7-4668-BE54-9A1E7A4F7556}") = "RiverLib", "RiverLib\RiverLib.csproj", "{A8BBEDD8-4323-46B6-9C25-01E5E7A3F501}"
EndProject
Project("{9A19103F-16F7-4668-BE54-9A1E7A4F7556}") = "River.Core.Std", "River.Core\River.Core.Std.csproj", "{B9C5E0B1-3E98-46DC-ABF8-AC18804612E0}"
EndProject
Project("{9A19103F-16F7-4668-BE54-9A1E7A4F7556}") = "River.Socks.Std", "River.Socks\River.Socks.Std.csproj", "{BAA5EFFB-94CD-4A7A-8CB6-92FB08BDBAE3}"
EndProject
Project("{9A19103F-16F7-4668-BE54-9A1E7A4F7556}") = "River.ShadowSocks.Std", "River.ShadowSocks\River.ShadowSocks.Std.csproj", "{2452F1BB-58BB-4958-8273-C79367866BBE}"
EndProject
Project("{9A19103F-16F7-4668-BE54-9A1E7A4F7556}") = "River.ChaCha.Std", "River.ChaCha\River.ChaCha.Std.csproj", "{CE189E3F-0853-423E-9A79-F71369316C0D}"
EndProject
Project("{FAE04EC0-301F-11D3-BF4B-00C04F79EFBC}") = "River.Internal", "River.Internal\River.Internal.csproj", "{3EC24F81-AC7B-4BCF-A6B1-AAEFF2528387}"
EndProject
Project("{9A19103F-16F7-4668-BE54-9A1E7A4F7556}") = "River.Internal.Std", "River.Internal\River.Internal.Std.csproj", "{8F816BBA-F955-40F4-8E71-B1FDB2F64760}"
EndProject
Project("{FAE04EC0-301F-11D3-BF4B-00C04F79EFBC}") = "River.Test.Api", "River.Test.Api\River.Test.Api.csproj", "{3BEEF048-E8E3-4B5A-A5D8-C83211D41ED6}"
EndProject
Project("{FAE04EC0-301F-11D3-BF4B-00C04F79EFBC}") = "River.Test.Base", "River.Test.Base\River.Test.Base.csproj", "{DF51D93F-751F-4787-A8EE-33289860F6DF}"
EndProject
Project("{FAE04EC0-301F-11D3-BF4B-00C04F79EFBC}") = "River.All", "River.All\River.All.csproj", "{759CDF6C-BDFD-464C-AD53-BCC17D1326C9}"
EndProject
Project("{9A19103F-16F7-4668-BE54-9A1E7A4F7556}") = "River.All.Std", "River.All\River.All.Std.csproj", "{BA33DDA8-D77A-4285-9142-9940473243C6}"
EndProject
Project("{FAE04EC0-301F-11D3-BF4B-00C04F79EFBC}") = "River.SelfService", "River.SelfService\River.SelfService.csproj", "{508767BB-CAF6-42A1-A13F-4E84C2F44C87}"
EndProject
Project("{9A19103F-16F7-4668-BE54-9A1E7A4F7556}") = "River.SelfService.Std", "River.SelfService\River.SelfService.Std.csproj", "{65BD5575-D76F-4D36-96CA-45A5611C96CC}"
EndProject
Project("{FAE04EC0-301F-11D3-BF4B-00C04F79EFBC}") = "River.Test", "River.Test\River.Test.csproj", "{87472750-B7D5-4496-A7EF-675CCFD58C8A}"
EndProject
Project("{FAE04EC0-301F-11D3-BF4B-00C04F79EFBC}") = "River.Test.Integration", "River.Test.Integration\River.Test.Integration.csproj", "{F46CACCF-D7D1-4062-8886-B0B30879B390}"
EndProject
Project("{9A19103F-16F7-4668-BE54-9A1E7A4F7556}") = "River.Http.Std", "River.Http\River.Http.Std.csproj", "{AB45D853-37A2-4926-8822-9BE04FD3F225}"
EndProject
Project("{9A19103F-16F7-4668-BE54-9A1E7A4F7556}") = "River.Any.Std", "River.Any\River.Any.Std.csproj", "{DCD9E772-1B65-4C17-9D05-2FBAE654EBEA}"
EndProject
Project("{9A19103F-16F7-4668-BE54-9A1E7A4F7556}") = "River.HttpWrap.Std", "River.HttpWrap\River.HttpWrap.Std.csproj", "{E794CF50-663A-42E7-AD46-300C0BCC4137}"
EndProject
Project("{FAE04EC0-301F-11D3-BF4B-00C04F79EFBC}") = "River.Test.ConsoleServer", "River.Test.ConsoleServer\River.Test.ConsoleServer.csproj", "{6B7A2315-41B4-44D7-B682-DBCB50378014}"
EndProject
Project("{FAE04EC0-301F-11D3-BF4B-00C04F79EFBC}") = "River.SelfService.Test", "River.SelfService.Test\River.SelfService.Test.csproj", "{0FE43AB3-9A9F-4FFC-B618-A5709A8C3B7F}"
EndProject
Project("{FAE04EC0-301F-11D3-BF4B-00C04F79EFBC}") = "River.ChaCha.Test", "River.ChaCha.Test\River.ChaCha.Test.csproj", "{8D361075-47C4-4AFD-8220-31D79194D810}"
EndProject
Project("{FAE04EC0-301F-11D3-BF4B-00C04F79EFBC}") = "River.Any", "River.Any\River.Any.csproj", "{AD8CDABB-14DD-4E6F-9156-854F221FF617}"
EndProject
Project("{FAE04EC0-301F-11D3-BF4B-00C04F79EFBC}") = "River.HttpWrap", "River.HttpWrap\River.HttpWrap.csproj", "{021EA1DA-1CF3-4D8B-9620-D31BBEDBBA0E}"
EndProject
Project("{9A19103F-16F7-4668-BE54-9A1E7A4F7556}") = "River.Test.PatchProject", "River.Test.PatchProject\River.Test.PatchProject.csproj", "{2B91B174-BA7B-4EE8-9E5B-5CD9EF574B4F}"
EndProject
Project("{FAE04EC0-301F-11D3-BF4B-00C04F79EFBC}") = "River.PortForwarding", "River.PortForwarding\River.PortForwarding.csproj", "{ABED95CB-ED73-4086-B062-44AF5925D8E0}"
EndProject
Project("{9A19103F-16F7-4668-BE54-9A1E7A4F7556}") = "River.PortForwarding.Std", "River.PortForwarding\River.PortForwarding.Std.csproj", "{7E28D6C2-2335-4738-9627-CA2D299FC8DB}"
EndProject
Global
	GlobalSection(SolutionConfigurationPlatforms) = preSolution
		Debug|Any CPU = Debug|Any CPU
		Release|Any CPU = Release|Any CPU
	EndGlobalSection
	GlobalSection(ProjectConfigurationPlatforms) = postSolution
		{13257360-183C-4B42-A00E-293FF7358A97}.Debug|Any CPU.ActiveCfg = Debug|Any CPU
		{13257360-183C-4B42-A00E-293FF7358A97}.Debug|Any CPU.Build.0 = Debug|Any CPU
		{13257360-183C-4B42-A00E-293FF7358A97}.Release|Any CPU.ActiveCfg = Release|Any CPU
		{13257360-183C-4B42-A00E-293FF7358A97}.Release|Any CPU.Build.0 = Release|Any CPU
		{8ADF475C-8E47-4B22-85F2-69614AF9144B}.Debug|Any CPU.ActiveCfg = Debug|Any CPU
		{8ADF475C-8E47-4B22-85F2-69614AF9144B}.Debug|Any CPU.Build.0 = Debug|Any CPU
		{8ADF475C-8E47-4B22-85F2-69614AF9144B}.Release|Any CPU.ActiveCfg = Release|Any CPU
		{8ADF475C-8E47-4B22-85F2-69614AF9144B}.Release|Any CPU.Build.0 = Release|Any CPU
		{C69D29FC-CC8D-4205-BFB2-20ABD376177E}.Debug|Any CPU.ActiveCfg = Debug|Any CPU
		{C69D29FC-CC8D-4205-BFB2-20ABD376177E}.Debug|Any CPU.Build.0 = Debug|Any CPU
		{C69D29FC-CC8D-4205-BFB2-20ABD376177E}.Release|Any CPU.ActiveCfg = Release|Any CPU
		{C69D29FC-CC8D-4205-BFB2-20ABD376177E}.Release|Any CPU.Build.0 = Release|Any CPU
		{DDABA839-27AA-4AE0-BA2E-340C975669BB}.Debug|Any CPU.ActiveCfg = Debug|Any CPU
		{DDABA839-27AA-4AE0-BA2E-340C975669BB}.Debug|Any CPU.Build.0 = Debug|Any CPU
		{DDABA839-27AA-4AE0-BA2E-340C975669BB}.Release|Any CPU.ActiveCfg = Release|Any CPU
		{DDABA839-27AA-4AE0-BA2E-340C975669BB}.Release|Any CPU.Build.0 = Release|Any CPU
		{2F41B438-B726-4FF1-A277-4907CB359B81}.Debug|Any CPU.ActiveCfg = Debug|Any CPU
		{2F41B438-B726-4FF1-A277-4907CB359B81}.Debug|Any CPU.Build.0 = Debug|Any CPU
		{2F41B438-B726-4FF1-A277-4907CB359B81}.Release|Any CPU.ActiveCfg = Release|Any CPU
		{2F41B438-B726-4FF1-A277-4907CB359B81}.Release|Any CPU.Build.0 = Release|Any CPU
		{A8C6EDC3-DB60-461C-AB71-770F30713820}.Debug|Any CPU.ActiveCfg = Debug|Any CPU
		{A8C6EDC3-DB60-461C-AB71-770F30713820}.Debug|Any CPU.Build.0 = Debug|Any CPU
		{A8C6EDC3-DB60-461C-AB71-770F30713820}.Release|Any CPU.ActiveCfg = Release|Any CPU
		{A8C6EDC3-DB60-461C-AB71-770F30713820}.Release|Any CPU.Build.0 = Release|Any CPU
		{A8BBEDD8-4323-46B6-9C25-01E5E7A3F501}.Debug|Any CPU.ActiveCfg = Debug|Any CPU
		{A8BBEDD8-4323-46B6-9C25-01E5E7A3F501}.Debug|Any CPU.Build.0 = Debug|Any CPU
		{A8BBEDD8-4323-46B6-9C25-01E5E7A3F501}.Release|Any CPU.ActiveCfg = Release|Any CPU
		{A8BBEDD8-4323-46B6-9C25-01E5E7A3F501}.Release|Any CPU.Build.0 = Release|Any CPU
		{B9C5E0B1-3E98-46DC-ABF8-AC18804612E0}.Debug|Any CPU.ActiveCfg = Debug|Any CPU
		{B9C5E0B1-3E98-46DC-ABF8-AC18804612E0}.Debug|Any CPU.Build.0 = Debug|Any CPU
		{B9C5E0B1-3E98-46DC-ABF8-AC18804612E0}.Release|Any CPU.ActiveCfg = Release|Any CPU
		{B9C5E0B1-3E98-46DC-ABF8-AC18804612E0}.Release|Any CPU.Build.0 = Release|Any CPU
		{BAA5EFFB-94CD-4A7A-8CB6-92FB08BDBAE3}.Debug|Any CPU.ActiveCfg = Debug|Any CPU
		{BAA5EFFB-94CD-4A7A-8CB6-92FB08BDBAE3}.Debug|Any CPU.Build.0 = Debug|Any CPU
		{BAA5EFFB-94CD-4A7A-8CB6-92FB08BDBAE3}.Release|Any CPU.ActiveCfg = Release|Any CPU
		{BAA5EFFB-94CD-4A7A-8CB6-92FB08BDBAE3}.Release|Any CPU.Build.0 = Release|Any CPU
		{2452F1BB-58BB-4958-8273-C79367866BBE}.Debug|Any CPU.ActiveCfg = Debug|Any CPU
		{2452F1BB-58BB-4958-8273-C79367866BBE}.Debug|Any CPU.Build.0 = Debug|Any CPU
		{2452F1BB-58BB-4958-8273-C79367866BBE}.Release|Any CPU.ActiveCfg = Release|Any CPU
		{2452F1BB-58BB-4958-8273-C79367866BBE}.Release|Any CPU.Build.0 = Release|Any CPU
		{CE189E3F-0853-423E-9A79-F71369316C0D}.Debug|Any CPU.ActiveCfg = Debug|Any CPU
		{CE189E3F-0853-423E-9A79-F71369316C0D}.Debug|Any CPU.Build.0 = Debug|Any CPU
		{CE189E3F-0853-423E-9A79-F71369316C0D}.Release|Any CPU.ActiveCfg = Release|Any CPU
		{CE189E3F-0853-423E-9A79-F71369316C0D}.Release|Any CPU.Build.0 = Release|Any CPU
		{3EC24F81-AC7B-4BCF-A6B1-AAEFF2528387}.Debug|Any CPU.ActiveCfg = Debug|Any CPU
		{3EC24F81-AC7B-4BCF-A6B1-AAEFF2528387}.Debug|Any CPU.Build.0 = Debug|Any CPU
		{3EC24F81-AC7B-4BCF-A6B1-AAEFF2528387}.Release|Any CPU.ActiveCfg = Release|Any CPU
		{3EC24F81-AC7B-4BCF-A6B1-AAEFF2528387}.Release|Any CPU.Build.0 = Release|Any CPU
		{8F816BBA-F955-40F4-8E71-B1FDB2F64760}.Debug|Any CPU.ActiveCfg = Debug|Any CPU
		{8F816BBA-F955-40F4-8E71-B1FDB2F64760}.Debug|Any CPU.Build.0 = Debug|Any CPU
		{8F816BBA-F955-40F4-8E71-B1FDB2F64760}.Release|Any CPU.ActiveCfg = Release|Any CPU
		{8F816BBA-F955-40F4-8E71-B1FDB2F64760}.Release|Any CPU.Build.0 = Release|Any CPU
		{3BEEF048-E8E3-4B5A-A5D8-C83211D41ED6}.Debug|Any CPU.ActiveCfg = Debug|Any CPU
		{3BEEF048-E8E3-4B5A-A5D8-C83211D41ED6}.Debug|Any CPU.Build.0 = Debug|Any CPU
		{3BEEF048-E8E3-4B5A-A5D8-C83211D41ED6}.Release|Any CPU.ActiveCfg = Release|Any CPU
		{3BEEF048-E8E3-4B5A-A5D8-C83211D41ED6}.Release|Any CPU.Build.0 = Release|Any CPU
		{DF51D93F-751F-4787-A8EE-33289860F6DF}.Debug|Any CPU.ActiveCfg = Debug|Any CPU
		{DF51D93F-751F-4787-A8EE-33289860F6DF}.Debug|Any CPU.Build.0 = Debug|Any CPU
		{DF51D93F-751F-4787-A8EE-33289860F6DF}.Release|Any CPU.ActiveCfg = Release|Any CPU
		{DF51D93F-751F-4787-A8EE-33289860F6DF}.Release|Any CPU.Build.0 = Release|Any CPU
		{759CDF6C-BDFD-464C-AD53-BCC17D1326C9}.Debug|Any CPU.ActiveCfg = Debug|Any CPU
		{759CDF6C-BDFD-464C-AD53-BCC17D1326C9}.Debug|Any CPU.Build.0 = Debug|Any CPU
		{759CDF6C-BDFD-464C-AD53-BCC17D1326C9}.Release|Any CPU.ActiveCfg = Release|Any CPU
		{759CDF6C-BDFD-464C-AD53-BCC17D1326C9}.Release|Any CPU.Build.0 = Release|Any CPU
		{BA33DDA8-D77A-4285-9142-9940473243C6}.Debug|Any CPU.ActiveCfg = Debug|Any CPU
		{BA33DDA8-D77A-4285-9142-9940473243C6}.Debug|Any CPU.Build.0 = Debug|Any CPU
		{BA33DDA8-D77A-4285-9142-9940473243C6}.Release|Any CPU.ActiveCfg = Release|Any CPU
		{BA33DDA8-D77A-4285-9142-9940473243C6}.Release|Any CPU.Build.0 = Release|Any CPU
		{508767BB-CAF6-42A1-A13F-4E84C2F44C87}.Debug|Any CPU.ActiveCfg = Debug|Any CPU
		{508767BB-CAF6-42A1-A13F-4E84C2F44C87}.Debug|Any CPU.Build.0 = Debug|Any CPU
		{508767BB-CAF6-42A1-A13F-4E84C2F44C87}.Release|Any CPU.ActiveCfg = Release|Any CPU
		{508767BB-CAF6-42A1-A13F-4E84C2F44C87}.Release|Any CPU.Build.0 = Release|Any CPU
		{65BD5575-D76F-4D36-96CA-45A5611C96CC}.Debug|Any CPU.ActiveCfg = Debug|Any CPU
		{65BD5575-D76F-4D36-96CA-45A5611C96CC}.Debug|Any CPU.Build.0 = Debug|Any CPU
		{65BD5575-D76F-4D36-96CA-45A5611C96CC}.Release|Any CPU.ActiveCfg = Release|Any CPU
		{65BD5575-D76F-4D36-96CA-45A5611C96CC}.Release|Any CPU.Build.0 = Release|Any CPU
		{87472750-B7D5-4496-A7EF-675CCFD58C8A}.Debug|Any CPU.ActiveCfg = Debug|Any CPU
		{87472750-B7D5-4496-A7EF-675CCFD58C8A}.Debug|Any CPU.Build.0 = Debug|Any CPU
		{87472750-B7D5-4496-A7EF-675CCFD58C8A}.Release|Any CPU.ActiveCfg = Release|Any CPU
		{87472750-B7D5-4496-A7EF-675CCFD58C8A}.Release|Any CPU.Build.0 = Release|Any CPU
		{F46CACCF-D7D1-4062-8886-B0B30879B390}.Debug|Any CPU.ActiveCfg = Debug|Any CPU
		{F46CACCF-D7D1-4062-8886-B0B30879B390}.Debug|Any CPU.Build.0 = Debug|Any CPU
		{F46CACCF-D7D1-4062-8886-B0B30879B390}.Release|Any CPU.ActiveCfg = Release|Any CPU
		{F46CACCF-D7D1-4062-8886-B0B30879B390}.Release|Any CPU.Build.0 = Release|Any CPU
		{AB45D853-37A2-4926-8822-9BE04FD3F225}.Debug|Any CPU.ActiveCfg = Debug|Any CPU
		{AB45D853-37A2-4926-8822-9BE04FD3F225}.Debug|Any CPU.Build.0 = Debug|Any CPU
		{AB45D853-37A2-4926-8822-9BE04FD3F225}.Release|Any CPU.ActiveCfg = Release|Any CPU
		{AB45D853-37A2-4926-8822-9BE04FD3F225}.Release|Any CPU.Build.0 = Release|Any CPU
		{DCD9E772-1B65-4C17-9D05-2FBAE654EBEA}.Debug|Any CPU.ActiveCfg = Debug|Any CPU
		{DCD9E772-1B65-4C17-9D05-2FBAE654EBEA}.Debug|Any CPU.Build.0 = Debug|Any CPU
		{DCD9E772-1B65-4C17-9D05-2FBAE654EBEA}.Release|Any CPU.ActiveCfg = Release|Any CPU
		{DCD9E772-1B65-4C17-9D05-2FBAE654EBEA}.Release|Any CPU.Build.0 = Release|Any CPU
		{E794CF50-663A-42E7-AD46-300C0BCC4137}.Debug|Any CPU.ActiveCfg = Debug|Any CPU
		{E794CF50-663A-42E7-AD46-300C0BCC4137}.Debug|Any CPU.Build.0 = Debug|Any CPU
		{E794CF50-663A-42E7-AD46-300C0BCC4137}.Release|Any CPU.ActiveCfg = Release|Any CPU
		{E794CF50-663A-42E7-AD46-300C0BCC4137}.Release|Any CPU.Build.0 = Release|Any CPU
		{6B7A2315-41B4-44D7-B682-DBCB50378014}.Debug|Any CPU.ActiveCfg = Debug|Any CPU
		{6B7A2315-41B4-44D7-B682-DBCB50378014}.Debug|Any CPU.Build.0 = Debug|Any CPU
		{6B7A2315-41B4-44D7-B682-DBCB50378014}.Release|Any CPU.ActiveCfg = Release|Any CPU
		{6B7A2315-41B4-44D7-B682-DBCB50378014}.Release|Any CPU.Build.0 = Release|Any CPU
		{0FE43AB3-9A9F-4FFC-B618-A5709A8C3B7F}.Debug|Any CPU.ActiveCfg = Debug|Any CPU
		{0FE43AB3-9A9F-4FFC-B618-A5709A8C3B7F}.Debug|Any CPU.Build.0 = Debug|Any CPU
		{0FE43AB3-9A9F-4FFC-B618-A5709A8C3B7F}.Release|Any CPU.ActiveCfg = Release|Any CPU
		{0FE43AB3-9A9F-4FFC-B618-A5709A8C3B7F}.Release|Any CPU.Build.0 = Release|Any CPU
		{8D361075-47C4-4AFD-8220-31D79194D810}.Debug|Any CPU.ActiveCfg = Debug|Any CPU
		{8D361075-47C4-4AFD-8220-31D79194D810}.Debug|Any CPU.Build.0 = Debug|Any CPU
		{8D361075-47C4-4AFD-8220-31D79194D810}.Release|Any CPU.ActiveCfg = Release|Any CPU
		{8D361075-47C4-4AFD-8220-31D79194D810}.Release|Any CPU.Build.0 = Release|Any CPU
		{AD8CDABB-14DD-4E6F-9156-854F221FF617}.Debug|Any CPU.ActiveCfg = Debug|Any CPU
		{AD8CDABB-14DD-4E6F-9156-854F221FF617}.Debug|Any CPU.Build.0 = Debug|Any CPU
		{AD8CDABB-14DD-4E6F-9156-854F221FF617}.Release|Any CPU.ActiveCfg = Release|Any CPU
		{AD8CDABB-14DD-4E6F-9156-854F221FF617}.Release|Any CPU.Build.0 = Release|Any CPU
		{021EA1DA-1CF3-4D8B-9620-D31BBEDBBA0E}.Debug|Any CPU.ActiveCfg = Debug|Any CPU
		{021EA1DA-1CF3-4D8B-9620-D31BBEDBBA0E}.Debug|Any CPU.Build.0 = Debug|Any CPU
		{021EA1DA-1CF3-4D8B-9620-D31BBEDBBA0E}.Release|Any CPU.ActiveCfg = Release|Any CPU
		{021EA1DA-1CF3-4D8B-9620-D31BBEDBBA0E}.Release|Any CPU.Build.0 = Release|Any CPU
		{2B91B174-BA7B-4EE8-9E5B-5CD9EF574B4F}.Debug|Any CPU.ActiveCfg = Debug|Any CPU
		{2B91B174-BA7B-4EE8-9E5B-5CD9EF574B4F}.Debug|Any CPU.Build.0 = Debug|Any CPU
		{2B91B174-BA7B-4EE8-9E5B-5CD9EF574B4F}.Release|Any CPU.ActiveCfg = Release|Any CPU
		{2B91B174-BA7B-4EE8-9E5B-5CD9EF574B4F}.Release|Any CPU.Build.0 = Release|Any CPU
		{ABED95CB-ED73-4086-B062-44AF5925D8E0}.Debug|Any CPU.ActiveCfg = Debug|Any CPU
		{ABED95CB-ED73-4086-B062-44AF5925D8E0}.Debug|Any CPU.Build.0 = Debug|Any CPU
		{ABED95CB-ED73-4086-B062-44AF5925D8E0}.Release|Any CPU.ActiveCfg = Release|Any CPU
		{ABED95CB-ED73-4086-B062-44AF5925D8E0}.Release|Any CPU.Build.0 = Release|Any CPU
		{7E28D6C2-2335-4738-9627-CA2D299FC8DB}.Debug|Any CPU.ActiveCfg = Debug|Any CPU
		{7E28D6C2-2335-4738-9627-CA2D299FC8DB}.Debug|Any CPU.Build.0 = Debug|Any CPU
		{7E28D6C2-2335-4738-9627-CA2D299FC8DB}.Release|Any CPU.ActiveCfg = Release|Any CPU
		{7E28D6C2-2335-4738-9627-CA2D299FC8DB}.Release|Any CPU.Build.0 = Release|Any CPU
	EndGlobalSection
	GlobalSection(SolutionProperties) = preSolution
		HideSolutionNode = FALSE
	EndGlobalSection
	GlobalSection(NestedProjects) = preSolution
		{DDABA839-27AA-4AE0-BA2E-340C975669BB} = {D0198E57-F9EE-41FA-992D-8505C1BA8782}
		{CE189E3F-0853-423E-9A79-F71369316C0D} = {D0198E57-F9EE-41FA-992D-8505C1BA8782}
		{3BEEF048-E8E3-4B5A-A5D8-C83211D41ED6} = {1BCEF205-580C-483D-B452-F82F2831B1CC}
		{DF51D93F-751F-4787-A8EE-33289860F6DF} = {1BCEF205-580C-483D-B452-F82F2831B1CC}
		{87472750-B7D5-4496-A7EF-675CCFD58C8A} = {1BCEF205-580C-483D-B452-F82F2831B1CC}
		{F46CACCF-D7D1-4062-8886-B0B30879B390} = {1BCEF205-580C-483D-B452-F82F2831B1CC}
		{6B7A2315-41B4-44D7-B682-DBCB50378014} = {1BCEF205-580C-483D-B452-F82F2831B1CC}
		{0FE43AB3-9A9F-4FFC-B618-A5709A8C3B7F} = {1BCEF205-580C-483D-B452-F82F2831B1CC}
		{8D361075-47C4-4AFD-8220-31D79194D810} = {1BCEF205-580C-483D-B452-F82F2831B1CC}
		{2B91B174-BA7B-4EE8-9E5B-5CD9EF574B4F} = {1BCEF205-580C-483D-B452-F82F2831B1CC}
	EndGlobalSection
	GlobalSection(ExtensibilityGlobals) = postSolution
		SolutionGuid = {D5977966-1CCA-49B1-8512-C57AC4A77656}
	EndGlobalSection
EndGlobal
